
Microsoft Visual Studio Solution File, Format Version 12.00
# Visual Studio Version 16
VisualStudioVersion = 16.0.30114.105
MinimumVisualStudioVersion = 10.0.40219.1
Project("{9A19103F-16F7-4668-BE54-9A1E7A4F7556}") = "Deplora.WPF", "Deplora.WPF\Deplora.WPF.csproj", "{0FDF9C44-F186-43DE-BFE9-359D92F75D17}"
EndProject
Project("{9A19103F-16F7-4668-BE54-9A1E7A4F7556}") = "Deplora.XML", "Deplora.XML\Deplora.XML.csproj", "{DA1A1A7E-CD79-4B91-955D-5BC16F16E796}"
EndProject
Project("{9A19103F-16F7-4668-BE54-9A1E7A4F7556}") = "Deplora.Shared.TESTS", "Deplora.Shared.TESTS\Deplora.Shared.TESTS.csproj", "{A62D203F-1819-4450-8570-9AA13DA6FC91}"
EndProject
Project("{9A19103F-16F7-4668-BE54-9A1E7A4F7556}") = "Deplora.Shared", "Deplora.Shared\Deplora.Shared.csproj", "{AF76F302-00C8-4024-A32E-3ABAAC1E676A}"
EndProject
Project("{9A19103F-16F7-4668-BE54-9A1E7A4F7556}") = "Deplora.XML.TESTS", "Deplora.XML.TESTS\Deplora.XML.TESTS.csproj", "{348B8EC1-3005-4077-81E0-B56843D164D8}"
EndProject
Project("{9A19103F-16F7-4668-BE54-9A1E7A4F7556}") = "Deplora.DataAccess", "Deplora.DataAccess\Deplora.DataAccess.csproj", "{04AF9103-47DC-419B-83ED-8F12D72F79BF}"
EndProject
Project("{9A19103F-16F7-4668-BE54-9A1E7A4F7556}") = "Deplora.IIS", "Deplora.IIS\Deplora.IIS.csproj", "{9608DFF0-A177-4DBA-A26F-7FF0EE98C5D4}"
EndProject
Project("{9A19103F-16F7-4668-BE54-9A1E7A4F7556}") = "Deplora.DataAccess.TESTS", "Deplora.DataAccess.TESTS\Deplora.DataAccess.TESTS.csproj", "{8D881F55-B33D-4412-8668-DF5ED38423B0}"
EndProject
Project("{FAE04EC0-301F-11D3-BF4B-00C04F79EFBC}") = "Deplora.IIS.TESTS", "Deplora.IIS.TESTS\Deplora.IIS.TESTS.csproj", "{02EEB627-B125-425A-AA72-B83B013C72C3}"
EndProject
Global
	GlobalSection(SolutionConfigurationPlatforms) = preSolution
		Debug|Any CPU = Debug|Any CPU
		Release|Any CPU = Release|Any CPU
	EndGlobalSection
	GlobalSection(ProjectConfigurationPlatforms) = postSolution
		{0FDF9C44-F186-43DE-BFE9-359D92F75D17}.Debug|Any CPU.ActiveCfg = Debug|Any CPU
		{0FDF9C44-F186-43DE-BFE9-359D92F75D17}.Debug|Any CPU.Build.0 = Debug|Any CPU
		{0FDF9C44-F186-43DE-BFE9-359D92F75D17}.Release|Any CPU.ActiveCfg = Release|Any CPU
		{0FDF9C44-F186-43DE-BFE9-359D92F75D17}.Release|Any CPU.Build.0 = Release|Any CPU
		{DA1A1A7E-CD79-4B91-955D-5BC16F16E796}.Debug|Any CPU.ActiveCfg = Debug|Any CPU
		{DA1A1A7E-CD79-4B91-955D-5BC16F16E796}.Debug|Any CPU.Build.0 = Debug|Any CPU
		{DA1A1A7E-CD79-4B91-955D-5BC16F16E796}.Release|Any CPU.ActiveCfg = Release|Any CPU
		{DA1A1A7E-CD79-4B91-955D-5BC16F16E796}.Release|Any CPU.Build.0 = Release|Any CPU
		{A62D203F-1819-4450-8570-9AA13DA6FC91}.Debug|Any CPU.ActiveCfg = Debug|Any CPU
		{A62D203F-1819-4450-8570-9AA13DA6FC91}.Debug|Any CPU.Build.0 = Debug|Any CPU
		{A62D203F-1819-4450-8570-9AA13DA6FC91}.Release|Any CPU.ActiveCfg = Release|Any CPU
		{A62D203F-1819-4450-8570-9AA13DA6FC91}.Release|Any CPU.Build.0 = Release|Any CPU
		{AF76F302-00C8-4024-A32E-3ABAAC1E676A}.Debug|Any CPU.ActiveCfg = Debug|Any CPU
		{AF76F302-00C8-4024-A32E-3ABAAC1E676A}.Debug|Any CPU.Build.0 = Debug|Any CPU
		{AF76F302-00C8-4024-A32E-3ABAAC1E676A}.Release|Any CPU.ActiveCfg = Release|Any CPU
		{AF76F302-00C8-4024-A32E-3ABAAC1E676A}.Release|Any CPU.Build.0 = Release|Any CPU
		{348B8EC1-3005-4077-81E0-B56843D164D8}.Debug|Any CPU.ActiveCfg = Debug|Any CPU
		{348B8EC1-3005-4077-81E0-B56843D164D8}.Debug|Any CPU.Build.0 = Debug|Any CPU
		{348B8EC1-3005-4077-81E0-B56843D164D8}.Release|Any CPU.ActiveCfg = Release|Any CPU
		{348B8EC1-3005-4077-81E0-B56843D164D8}.Release|Any CPU.Build.0 = Release|Any CPU
		{04AF9103-47DC-419B-83ED-8F12D72F79BF}.Debug|Any CPU.ActiveCfg = Debug|Any CPU
		{04AF9103-47DC-419B-83ED-8F12D72F79BF}.Debug|Any CPU.Build.0 = Debug|Any CPU
		{04AF9103-47DC-419B-83ED-8F12D72F79BF}.Release|Any CPU.ActiveCfg = Release|Any CPU
		{04AF9103-47DC-419B-83ED-8F12D72F79BF}.Release|Any CPU.Build.0 = Release|Any CPU
		{9608DFF0-A177-4DBA-A26F-7FF0EE98C5D4}.Debug|Any CPU.ActiveCfg = Debug|Any CPU
		{9608DFF0-A177-4DBA-A26F-7FF0EE98C5D4}.Debug|Any CPU.Build.0 = Debug|Any CPU
		{9608DFF0-A177-4DBA-A26F-7FF0EE98C5D4}.Release|Any CPU.ActiveCfg = Release|Any CPU
		{9608DFF0-A177-4DBA-A26F-7FF0EE98C5D4}.Release|Any CPU.Build.0 = Release|Any CPU
		{8D881F55-B33D-4412-8668-DF5ED38423B0}.Debug|Any CPU.ActiveCfg = Debug|Any CPU
		{8D881F55-B33D-4412-8668-DF5ED38423B0}.Debug|Any CPU.Build.0 = Debug|Any CPU
		{8D881F55-B33D-4412-8668-DF5ED38423B0}.Release|Any CPU.ActiveCfg = Release|Any CPU
		{8D881F55-B33D-4412-8668-DF5ED38423B0}.Release|Any CPU.Build.0 = Release|Any CPU
		{02EEB627-B125-425A-AA72-B83B013C72C3}.Debug|Any CPU.ActiveCfg = Debug|Any CPU
		{02EEB627-B125-425A-AA72-B83B013C72C3}.Debug|Any CPU.Build.0 = Debug|Any CPU
		{02EEB627-B125-425A-AA72-B83B013C72C3}.Release|Any CPU.ActiveCfg = Release|Any CPU
		{02EEB627-B125-425A-AA72-B83B013C72C3}.Release|Any CPU.Build.0 = Release|Any CPU
	EndGlobalSection
	GlobalSection(SolutionProperties) = preSolution
		HideSolutionNode = FALSE
	EndGlobalSection
	GlobalSection(ExtensibilityGlobals) = postSolution
		SolutionGuid = {F98B1A6A-D89E-4D77-AAE0-E8BF89FD3660}
	EndGlobalSection
EndGlobal
